
Microsoft Visual Studio Solution File, Format Version 12.00
# Visual Studio Version 17
VisualStudioVersion = 17.5.33516.290
MinimumVisualStudioVersion = 10.0.40219.1
Project("{FAE04EC0-301F-11D3-BF4B-00C04F79EFBC}") = "DemoParameterProvider", "DemoParameterProvider\DemoParameterProvider.csproj", "{42D33CCD-E02F-4598-9C0C-7F6AF3B9888C}"
EndProject
Project("{FAE04EC0-301F-11D3-BF4B-00C04F79EFBC}") = "DemoParameterProviderDemo", "DemoParameterProviderDemo\DemoParameterProviderDemo.csproj", "{B91193CE-39A2-4CBF-9F6A-77B2EEDEE873}"
EndProject
Global
	GlobalSection(SolutionConfigurationPlatforms) = preSolution
		Debug|Any CPU = Debug|Any CPU
		Release|Any CPU = Release|Any CPU
	EndGlobalSection
	GlobalSection(ProjectConfigurationPlatforms) = postSolution
		{42D33CCD-E02F-4598-9C0C-7F6AF3B9888C}.Debug|Any CPU.ActiveCfg = Debug|Any CPU
		{42D33CCD-E02F-4598-9C0C-7F6AF3B9888C}.Debug|Any CPU.Build.0 = Debug|Any CPU
		{42D33CCD-E02F-4598-9C0C-7F6AF3B9888C}.Release|Any CPU.ActiveCfg = Release|Any CPU
		{42D33CCD-E02F-4598-9C0C-7F6AF3B9888C}.Release|Any CPU.Build.0 = Release|Any CPU
		{B91193CE-39A2-4CBF-9F6A-77B2EEDEE873}.Debug|Any CPU.ActiveCfg = Debug|Any CPU
		{B91193CE-39A2-4CBF-9F6A-77B2EEDEE873}.Debug|Any CPU.Build.0 = Debug|Any CPU
		{B91193CE-39A2-4CBF-9F6A-77B2EEDEE873}.Release|Any CPU.ActiveCfg = Release|Any CPU
		{B91193CE-39A2-4CBF-9F6A-77B2EEDEE873}.Release|Any CPU.Build.0 = Release|Any CPU
	EndGlobalSection
	GlobalSection(SolutionProperties) = preSolution
		HideSolutionNode = FALSE
	EndGlobalSection
	GlobalSection(ExtensibilityGlobals) = postSolution
		SolutionGuid = {3C730F85-192D-47DC-A249-06D01867884C}
	EndGlobalSection
EndGlobal
