
Microsoft Visual Studio Solution File, Format Version 12.00
# Visual Studio 15
VisualStudioVersion = 15.0.27703.2035
MinimumVisualStudioVersion = 10.0.40219.1
Project("{FAE04EC0-301F-11D3-BF4B-00C04F79EFBC}") = "DemoParameterProvider", "DemoParameterProvider\DemoParameterProvider.csproj", "{4BD75871-17BA-45DB-BFC1-41B90C4FE41F}"
EndProject
Project("{FAE04EC0-301F-11D3-BF4B-00C04F79EFBC}") = "DemoParameterProvider", "DemoParameterProviderDemo\DemoParameterProviderDemo.csproj", "{CA8CB3C7-63A6-4680-A494-8DAF6ED0F773}"
EndProject
Global
	GlobalSection(SolutionConfigurationPlatforms) = preSolution
		Debug|Any CPU = Debug|Any CPU
		Release|Any CPU = Release|Any CPU
	EndGlobalSection
	GlobalSection(ProjectConfigurationPlatforms) = postSolution
		{4BD75871-17BA-45DB-BFC1-41B90C4FE41F}.Debug|Any CPU.ActiveCfg = Debug|Any CPU
		{4BD75871-17BA-45DB-BFC1-41B90C4FE41F}.Debug|Any CPU.Build.0 = Debug|Any CPU
		{4BD75871-17BA-45DB-BFC1-41B90C4FE41F}.Release|Any CPU.ActiveCfg = Release|Any CPU
		{4BD75871-17BA-45DB-BFC1-41B90C4FE41F}.Release|Any CPU.Build.0 = Release|Any CPU
		{CA8CB3C7-63A6-4680-A494-8DAF6ED0F773}.Debug|Any CPU.ActiveCfg = Debug|Any CPU
		{CA8CB3C7-63A6-4680-A494-8DAF6ED0F773}.Debug|Any CPU.Build.0 = Debug|Any CPU
		{CA8CB3C7-63A6-4680-A494-8DAF6ED0F773}.Release|Any CPU.ActiveCfg = Release|Any CPU
		{CA8CB3C7-63A6-4680-A494-8DAF6ED0F773}.Release|Any CPU.Build.0 = Release|Any CPU
	EndGlobalSection
	GlobalSection(SolutionProperties) = preSolution
		HideSolutionNode = FALSE
	EndGlobalSection
EndGlobal
